
Microsoft Visual Studio Solution File, Format Version 12.00
# Visual Studio 15
Project("{FAE04EC0-301F-11D3-BF4B-00C04F79EFBC}") = "EventHubApp", "EventHubApp.csproj", "{8C722BF0-318C-4B5B-A26F-1A1742469BBC}"
EndProject
Global
	GlobalSection(SolutionConfigurationPlatforms) = preSolution
		Debug|Any CPU = Debug|Any CPU
		Release|Any CPU = Release|Any CPU
	EndGlobalSection
	GlobalSection(ProjectConfigurationPlatforms) = postSolution
		{8C722BF0-318C-4B5B-A26F-1A1742469BBC}.Debug|Any CPU.ActiveCfg = Debug|Any CPU
		{8C722BF0-318C-4B5B-A26F-1A1742469BBC}.Debug|Any CPU.Build.0 = Debug|Any CPU
		{8C722BF0-318C-4B5B-A26F-1A1742469BBC}.Release|Any CPU.ActiveCfg = Release|Any CPU
		{8C722BF0-318C-4B5B-A26F-1A1742469BBC}.Release|Any CPU.Build.0 = Release|Any CPU
	EndGlobalSection
EndGlobal
